
Microsoft Visual Studio Solution File, Format Version 12.00
# Visual Studio Version 17
VisualStudioVersion = 17.5.002.0
MinimumVisualStudioVersion = 10.0.40219.1
Project("{9A19103F-16F7-4668-BE54-9A1E7A4F7556}") = "FireApp", "FireApp.csproj", "{CCE7B682-45B1-4EE0-94F0-9F68985FB113}"
EndProject
Global
	GlobalSection(SolutionConfigurationPlatforms) = preSolution
		Debug|Any CPU = Debug|Any CPU
		Release|Any CPU = Release|Any CPU
	EndGlobalSection
	GlobalSection(ProjectConfigurationPlatforms) = postSolution
		{CCE7B682-45B1-4EE0-94F0-9F68985FB113}.Debug|Any CPU.ActiveCfg = Debug|Any CPU
		{CCE7B682-45B1-4EE0-94F0-9F68985FB113}.Debug|Any CPU.Build.0 = Debug|Any CPU
		{CCE7B682-45B1-4EE0-94F0-9F68985FB113}.Release|Any CPU.ActiveCfg = Release|Any CPU
		{CCE7B682-45B1-4EE0-94F0-9F68985FB113}.Release|Any CPU.Build.0 = Release|Any CPU
	EndGlobalSection
	GlobalSection(SolutionProperties) = preSolution
		HideSolutionNode = FALSE
	EndGlobalSection
	GlobalSection(ExtensibilityGlobals) = postSolution
		SolutionGuid = {F2EC03F9-0564-4CB1-94AB-C4F6DB0BC4C3}
	EndGlobalSection
EndGlobal
